
Microsoft Visual Studio Solution File, Format Version 12.00
# Visual Studio Version 16
VisualStudioVersion = 16.0.29025.244
MinimumVisualStudioVersion = 10.0.40219.1
Project("{9A19103F-16F7-4668-BE54-9A1E7A4F7556}") = "MSolve.Edu.FEM", "MSolve.Edu.FEM\MSolve.Edu.FEM.csproj", "{6797150E-3DA5-47C3-BD2A-2D4AC6D4488C}"
EndProject
Project("{9A19103F-16F7-4668-BE54-9A1E7A4F7556}") = "MSolve.Edu.Analyzers", "MSolve.Edu.Analyzers\MSolve.Edu.Analyzers.csproj", "{00452D0B-C9FB-489B-87BA-20B74C495776}"
EndProject
Project("{9A19103F-16F7-4668-BE54-9A1E7A4F7556}") = "MSolve.Edu.Solvers", "MSolve.Edu.Solvers\MSolve.Edu.Solvers.csproj", "{8789D318-1378-4EAE-A972-C22B427ADD61}"
EndProject
Project("{9A19103F-16F7-4668-BE54-9A1E7A4F7556}") = "MSolve.Edu.LinearAlgebra", "MSolve.Edu.LinearAlgebra\MSolve.Edu.LinearAlgebra.csproj", "{E6978810-2432-4564-9E72-3D273A4BC601}"
EndProject
Project("{9A19103F-16F7-4668-BE54-9A1E7A4F7556}") = "MSolve.Edu.Tests", "MSolve.Edu.Tests\MSolve.Edu.Tests.csproj", "{434A7ED9-BE85-49DB-B517-F263470B41BA}"
EndProject
Global
	GlobalSection(SolutionConfigurationPlatforms) = preSolution
		Debug|Any CPU = Debug|Any CPU
		Release|Any CPU = Release|Any CPU
	EndGlobalSection
	GlobalSection(ProjectConfigurationPlatforms) = postSolution
		{6797150E-3DA5-47C3-BD2A-2D4AC6D4488C}.Debug|Any CPU.ActiveCfg = Debug|Any CPU
		{6797150E-3DA5-47C3-BD2A-2D4AC6D4488C}.Debug|Any CPU.Build.0 = Debug|Any CPU
		{6797150E-3DA5-47C3-BD2A-2D4AC6D4488C}.Release|Any CPU.ActiveCfg = Release|Any CPU
		{6797150E-3DA5-47C3-BD2A-2D4AC6D4488C}.Release|Any CPU.Build.0 = Release|Any CPU
		{00452D0B-C9FB-489B-87BA-20B74C495776}.Debug|Any CPU.ActiveCfg = Debug|Any CPU
		{00452D0B-C9FB-489B-87BA-20B74C495776}.Debug|Any CPU.Build.0 = Debug|Any CPU
		{00452D0B-C9FB-489B-87BA-20B74C495776}.Release|Any CPU.ActiveCfg = Release|Any CPU
		{00452D0B-C9FB-489B-87BA-20B74C495776}.Release|Any CPU.Build.0 = Release|Any CPU
		{8789D318-1378-4EAE-A972-C22B427ADD61}.Debug|Any CPU.ActiveCfg = Debug|Any CPU
		{8789D318-1378-4EAE-A972-C22B427ADD61}.Debug|Any CPU.Build.0 = Debug|Any CPU
		{8789D318-1378-4EAE-A972-C22B427ADD61}.Release|Any CPU.ActiveCfg = Release|Any CPU
		{8789D318-1378-4EAE-A972-C22B427ADD61}.Release|Any CPU.Build.0 = Release|Any CPU
		{E6978810-2432-4564-9E72-3D273A4BC601}.Debug|Any CPU.ActiveCfg = Debug|Any CPU
		{E6978810-2432-4564-9E72-3D273A4BC601}.Debug|Any CPU.Build.0 = Debug|Any CPU
		{E6978810-2432-4564-9E72-3D273A4BC601}.Release|Any CPU.ActiveCfg = Release|Any CPU
		{E6978810-2432-4564-9E72-3D273A4BC601}.Release|Any CPU.Build.0 = Release|Any CPU
		{434A7ED9-BE85-49DB-B517-F263470B41BA}.Debug|Any CPU.ActiveCfg = Debug|Any CPU
		{434A7ED9-BE85-49DB-B517-F263470B41BA}.Debug|Any CPU.Build.0 = Debug|Any CPU
		{434A7ED9-BE85-49DB-B517-F263470B41BA}.Release|Any CPU.ActiveCfg = Release|Any CPU
		{434A7ED9-BE85-49DB-B517-F263470B41BA}.Release|Any CPU.Build.0 = Release|Any CPU
	EndGlobalSection
	GlobalSection(SolutionProperties) = preSolution
		HideSolutionNode = FALSE
	EndGlobalSection
	GlobalSection(ExtensibilityGlobals) = postSolution
		SolutionGuid = {F481FF15-716C-4196-BC7E-A8C6458513A4}
	EndGlobalSection
EndGlobal
